// !$*UTF8*$!
{
	archiveVersion = 1;
	classes = {
	};
	objectVersion = 51;
	objects = {

/* Begin PBXBuildFile section */
		1F3F8EEF517D9799F45BBE21 /* Pods_RosterBuster.framework in Frameworks */ = {isa = PBXBuildFile; fileRef = 2B82A59752053165CA6BB8CC /* Pods_RosterBuster.framework */; };
		C914D36C2354D7BC002FDA8F /* EventDetailsViewController.swift in Sources */ = {isa = PBXBuildFile; fileRef = C914D36B2354D7BC002FDA8F /* EventDetailsViewController.swift */; };
		C9157615234F895D005251CF /* AppDelegate.swift in Sources */ = {isa = PBXBuildFile; fileRef = C9157614234F895D005251CF /* AppDelegate.swift */; };
		C9157617234F895D005251CF /* SceneDelegate.swift in Sources */ = {isa = PBXBuildFile; fileRef = C9157616234F895D005251CF /* SceneDelegate.swift */; };
		C9157619234F895D005251CF /* EventListViewController.swift in Sources */ = {isa = PBXBuildFile; fileRef = C9157618234F895D005251CF /* EventListViewController.swift */; };
		C915761C234F895D005251CF /* Main.storyboard in Resources */ = {isa = PBXBuildFile; fileRef = C915761A234F895D005251CF /* Main.storyboard */; };
		C915761E234F895F005251CF /* Assets.xcassets in Resources */ = {isa = PBXBuildFile; fileRef = C915761D234F895F005251CF /* Assets.xcassets */; };
		C9157621234F895F005251CF /* LaunchScreen.storyboard in Resources */ = {isa = PBXBuildFile; fileRef = C915761F234F895F005251CF /* LaunchScreen.storyboard */; };
		C915762F234F8A60005251CF /* Event.swift in Sources */ = {isa = PBXBuildFile; fileRef = C915762E234F8A60005251CF /* Event.swift */; };
		C9157635234F9674005251CF /* APIManager.swift in Sources */ = {isa = PBXBuildFile; fileRef = C9157634234F9674005251CF /* APIManager.swift */; };
		C94E7AFF2350976800A31442 /* AppConstants.swift in Sources */ = {isa = PBXBuildFile; fileRef = C94E7AFE2350976800A31442 /* AppConstants.swift */; };
		C94E7B012350DF8600A31442 /* EventViewModel.swift in Sources */ = {isa = PBXBuildFile; fileRef = C94E7B002350DF8600A31442 /* EventViewModel.swift */; };
		C94E7B052350ED0A00A31442 /* EventListCell.swift in Sources */ = {isa = PBXBuildFile; fileRef = C94E7B032350ED0A00A31442 /* EventListCell.swift */; };
		C94E7B062350ED0A00A31442 /* EventListCell.xib in Resources */ = {isa = PBXBuildFile; fileRef = C94E7B042350ED0A00A31442 /* EventListCell.xib */; };
		C94E7B082352178800A31442 /* Extensions.swift in Sources */ = {isa = PBXBuildFile; fileRef = C94E7B072352178800A31442 /* Extensions.swift */; };
		C9C7ACAB235444FB00B1DA0D /* NetworkManager.swift in Sources */ = {isa = PBXBuildFile; fileRef = C9C7ACAA235444FB00B1DA0D /* NetworkManager.swift */; };
		C9C7ACAE2354569C00B1DA0D /* Utilities.swift in Sources */ = {isa = PBXBuildFile; fileRef = C9C7ACAD2354569C00B1DA0D /* Utilities.swift */; };
/* End PBXBuildFile section */

/* Begin PBXFileReference section */
		2B82A59752053165CA6BB8CC /* Pods_RosterBuster.framework */ = {isa = PBXFileReference; explicitFileType = wrapper.framework; includeInIndex = 0; path = Pods_RosterBuster.framework; sourceTree = BUILT_PRODUCTS_DIR; };
		30EA4F68847E055A9CAD4D28 /* Pods-RosterBuster.debug.xcconfig */ = {isa = PBXFileReference; includeInIndex = 1; lastKnownFileType = text.xcconfig; name = "Pods-RosterBuster.debug.xcconfig"; path = "Target Support Files/Pods-RosterBuster/Pods-RosterBuster.debug.xcconfig"; sourceTree = "<group>"; };
		C914D36B2354D7BC002FDA8F /* EventDetailsViewController.swift */ = {isa = PBXFileReference; lastKnownFileType = sourcecode.swift; path = EventDetailsViewController.swift; sourceTree = "<group>"; };
		C9157611234F895D005251CF /* RosterBuster.app */ = {isa = PBXFileReference; explicitFileType = wrapper.application; includeInIndex = 0; path = RosterBuster.app; sourceTree = BUILT_PRODUCTS_DIR; };
		C9157614234F895D005251CF /* AppDelegate.swift */ = {isa = PBXFileReference; lastKnownFileType = sourcecode.swift; path = AppDelegate.swift; sourceTree = "<group>"; };
		C9157616234F895D005251CF /* SceneDelegate.swift */ = {isa = PBXFileReference; lastKnownFileType = sourcecode.swift; path = SceneDelegate.swift; sourceTree = "<group>"; };
		C9157618234F895D005251CF /* EventListViewController.swift */ = {isa = PBXFileReference; lastKnownFileType = sourcecode.swift; path = EventListViewController.swift; sourceTree = "<group>"; };
		C915761B234F895D005251CF /* Base */ = {isa = PBXFileReference; lastKnownFileType = file.storyboard; name = Base; path = Base.lproj/Main.storyboard; sourceTree = "<group>"; };
		C915761D234F895F005251CF /* Assets.xcassets */ = {isa = PBXFileReference; lastKnownFileType = folder.assetcatalog; path = Assets.xcassets; sourceTree = "<group>"; };
		C9157620234F895F005251CF /* Base */ = {isa = PBXFileReference; lastKnownFileType = file.storyboard; name = Base; path = Base.lproj/LaunchScreen.storyboard; sourceTree = "<group>"; };
		C9157622234F895F005251CF /* Info.plist */ = {isa = PBXFileReference; lastKnownFileType = text.plist.xml; path = Info.plist; sourceTree = "<group>"; };
		C915762E234F8A60005251CF /* Event.swift */ = {isa = PBXFileReference; lastKnownFileType = sourcecode.swift; path = Event.swift; sourceTree = "<group>"; };
		C9157630234F8DF6005251CF /* RealmSwift.framework */ = {isa = PBXFileReference; explicitFileType = wrapper.framework; path = RealmSwift.framework; sourceTree = BUILT_PRODUCTS_DIR; };
		C9157634234F9674005251CF /* APIManager.swift */ = {isa = PBXFileReference; lastKnownFileType = sourcecode.swift; path = APIManager.swift; sourceTree = "<group>"; };
		C94E7AFE2350976800A31442 /* AppConstants.swift */ = {isa = PBXFileReference; lastKnownFileType = sourcecode.swift; path = AppConstants.swift; sourceTree = "<group>"; };
		C94E7B002350DF8600A31442 /* EventViewModel.swift */ = {isa = PBXFileReference; lastKnownFileType = sourcecode.swift; path = EventViewModel.swift; sourceTree = "<group>"; };
		C94E7B032350ED0A00A31442 /* EventListCell.swift */ = {isa = PBXFileReference; lastKnownFileType = sourcecode.swift; path = EventListCell.swift; sourceTree = "<group>"; };
		C94E7B042350ED0A00A31442 /* EventListCell.xib */ = {isa = PBXFileReference; lastKnownFileType = file.xib; path = EventListCell.xib; sourceTree = "<group>"; };
		C94E7B072352178800A31442 /* Extensions.swift */ = {isa = PBXFileReference; lastKnownFileType = sourcecode.swift; path = Extensions.swift; sourceTree = "<group>"; };
		C9C7ACAA235444FB00B1DA0D /* NetworkManager.swift */ = {isa = PBXFileReference; lastKnownFileType = sourcecode.swift; path = NetworkManager.swift; sourceTree = "<group>"; };
		C9C7ACAD2354569C00B1DA0D /* Utilities.swift */ = {isa = PBXFileReference; lastKnownFileType = sourcecode.swift; path = Utilities.swift; sourceTree = "<group>"; };
		F6DE4073E1D6AC6582341599 /* Pods-RosterBuster.release.xcconfig */ = {isa = PBXFileReference; includeInIndex = 1; lastKnownFileType = text.xcconfig; name = "Pods-RosterBuster.release.xcconfig"; path = "Target Support Files/Pods-RosterBuster/Pods-RosterBuster.release.xcconfig"; sourceTree = "<group>"; };
/* End PBXFileReference section */

/* Begin PBXFrameworksBuildPhase section */
		C915760E234F895D005251CF /* Frameworks */ = {
			isa = PBXFrameworksBuildPhase;
			buildActionMask = 2147483647;
			files = (
				1F3F8EEF517D9799F45BBE21 /* Pods_RosterBuster.framework in Frameworks */,
			);
			runOnlyForDeploymentPostprocessing = 0;
		};
/* End PBXFrameworksBuildPhase section */

/* Begin PBXGroup section */
		C9157608234F895D005251CF = {
			isa = PBXGroup;
			children = (
				C9157613234F895D005251CF /* RosterBuster */,
				C9157612234F895D005251CF /* Products */,
				EB1C82BC6FE2C38EE0755F8B /* Pods */,
				FD5F6CDC20633FE8CD7D18CD /* Frameworks */,
			);
			sourceTree = "<group>";
		};
		C9157612234F895D005251CF /* Products */ = {
			isa = PBXGroup;
			children = (
				C9157611234F895D005251CF /* RosterBuster.app */,
			);
			name = Products;
			sourceTree = "<group>";
		};
		C9157613234F895D005251CF /* RosterBuster */ = {
			isa = PBXGroup;
			children = (
				C9157614234F895D005251CF /* AppDelegate.swift */,
				C9157616234F895D005251CF /* SceneDelegate.swift */,
				C915762A234F89A5005251CF /* ViewModel */,
				C9157629234F897F005251CF /* View */,
				C9157628234F8971005251CF /* Model */,
				C915762D234F8A32005251CF /* Other */,
				C9C7ACAC2354568500B1DA0D /* SupportingFiles */,
			);
			path = RosterBuster;
			sourceTree = "<group>";
		};
		C9157628234F8971005251CF /* Model */ = {
			isa = PBXGroup;
			children = (
				C915762E234F8A60005251CF /* Event.swift */,
			);
			path = Model;
			sourceTree = "<group>";
		};
		C9157629234F897F005251CF /* View */ = {
			isa = PBXGroup;
			children = (
				C94E7B022350ECD600A31442 /* TableViewCells */,
				C915762C234F89DF005251CF /* Controllers */,
				C915762B234F89C3005251CF /* Storyboards */,
			);
			path = View;
			sourceTree = "<group>";
		};
		C915762A234F89A5005251CF /* ViewModel */ = {
			isa = PBXGroup;
			children = (
				C94E7B002350DF8600A31442 /* EventViewModel.swift */,
			);
			path = ViewModel;
			sourceTree = "<group>";
		};
		C915762B234F89C3005251CF /* Storyboards */ = {
			isa = PBXGroup;
			children = (
				C915761A234F895D005251CF /* Main.storyboard */,
				C915761F234F895F005251CF /* LaunchScreen.storyboard */,
			);
			path = Storyboards;
			sourceTree = "<group>";
		};
		C915762C234F89DF005251CF /* Controllers */ = {
			isa = PBXGroup;
			children = (
				C9157618234F895D005251CF /* EventListViewController.swift */,
				C914D36B2354D7BC002FDA8F /* EventDetailsViewController.swift */,
			);
			path = Controllers;
			sourceTree = "<group>";
		};
		C915762D234F8A32005251CF /* Other */ = {
			isa = PBXGroup;
			children = (
				C915761D234F895F005251CF /* Assets.xcassets */,
				C9157622234F895F005251CF /* Info.plist */,
			);
			path = Other;
			sourceTree = "<group>";
		};
		C94E7B022350ECD600A31442 /* TableViewCells */ = {
			isa = PBXGroup;
			children = (
				C94E7B032350ED0A00A31442 /* EventListCell.swift */,
				C94E7B042350ED0A00A31442 /* EventListCell.xib */,
			);
			path = TableViewCells;
			sourceTree = "<group>";
		};
		C9C7ACAC2354568500B1DA0D /* SupportingFiles */ = {
			isa = PBXGroup;
			children = (
				C9157634234F9674005251CF /* APIManager.swift */,
				C94E7AFE2350976800A31442 /* AppConstants.swift */,
				C94E7B072352178800A31442 /* Extensions.swift */,
				C9C7ACAA235444FB00B1DA0D /* NetworkManager.swift */,
				C9C7ACAD2354569C00B1DA0D /* Utilities.swift */,
			);
			path = SupportingFiles;
			sourceTree = "<group>";
		};
		EB1C82BC6FE2C38EE0755F8B /* Pods */ = {
			isa = PBXGroup;
			children = (
				30EA4F68847E055A9CAD4D28 /* Pods-RosterBuster.debug.xcconfig */,
				F6DE4073E1D6AC6582341599 /* Pods-RosterBuster.release.xcconfig */,
			);
			path = Pods;
			sourceTree = "<group>";
		};
		FD5F6CDC20633FE8CD7D18CD /* Frameworks */ = {
			isa = PBXGroup;
			children = (
				C9157630234F8DF6005251CF /* RealmSwift.framework */,
				2B82A59752053165CA6BB8CC /* Pods_RosterBuster.framework */,
			);
			name = Frameworks;
			sourceTree = "<group>";
		};
/* End PBXGroup section */

/* Begin PBXNativeTarget section */
		C9157610234F895D005251CF /* RosterBuster */ = {
			isa = PBXNativeTarget;
			buildConfigurationList = C9157625234F895F005251CF /* Build configuration list for PBXNativeTarget "RosterBuster" */;
			buildPhases = (
				FF52CC8D75F1E97F3A217BA0 /* [CP] Check Pods Manifest.lock */,
				C915760D234F895D005251CF /* Sources */,
				C915760E234F895D005251CF /* Frameworks */,
				C915760F234F895D005251CF /* Resources */,
				D3E15084AC8025A6B85AFF88 /* [CP] Embed Pods Frameworks */,
			);
			buildRules = (
			);
			dependencies = (
			);
			name = RosterBuster;
			productName = RosterBuster;
			productReference = C9157611234F895D005251CF /* RosterBuster.app */;
			productType = "com.apple.product-type.application";
		};
/* End PBXNativeTarget section */

/* Begin PBXProject section */
		C9157609234F895D005251CF /* Project object */ = {
			isa = PBXProject;
			attributes = {
				LastSwiftUpdateCheck = 1100;
				LastUpgradeCheck = 1100;
				ORGANIZATIONNAME = "Vishal Sonawane";
				TargetAttributes = {
					C9157610234F895D005251CF = {
						CreatedOnToolsVersion = 11.0;
					};
				};
			};
			buildConfigurationList = C915760C234F895D005251CF /* Build configuration list for PBXProject "RosterBuster" */;
			compatibilityVersion = "Xcode 9.3";
			developmentRegion = en;
			hasScannedForEncodings = 0;
			knownRegions = (
				en,
				Base,
			);
			mainGroup = C9157608234F895D005251CF;
			productRefGroup = C9157612234F895D005251CF /* Products */;
			projectDirPath = "";
			projectRoot = "";
			targets = (
				C9157610234F895D005251CF /* RosterBuster */,
			);
		};
/* End PBXProject section */

/* Begin PBXResourcesBuildPhase section */
		C915760F234F895D005251CF /* Resources */ = {
			isa = PBXResourcesBuildPhase;
			buildActionMask = 2147483647;
			files = (
				C94E7B062350ED0A00A31442 /* EventListCell.xib in Resources */,
				C9157621234F895F005251CF /* LaunchScreen.storyboard in Resources */,
				C915761E234F895F005251CF /* Assets.xcassets in Resources */,
				C915761C234F895D005251CF /* Main.storyboard in Resources */,
			);
			runOnlyForDeploymentPostprocessing = 0;
		};
/* End PBXResourcesBuildPhase section */

/* Begin PBXShellScriptBuildPhase section */
		D3E15084AC8025A6B85AFF88 /* [CP] Embed Pods Frameworks */ = {
			isa = PBXShellScriptBuildPhase;
			buildActionMask = 2147483647;
			files = (
			);
			inputFileListPaths = (
				"${PODS_ROOT}/Target Support Files/Pods-RosterBuster/Pods-RosterBuster-frameworks-${CONFIGURATION}-input-files.xcfilelist",
			);
			name = "[CP] Embed Pods Frameworks";
			outputFileListPaths = (
				"${PODS_ROOT}/Target Support Files/Pods-RosterBuster/Pods-RosterBuster-frameworks-${CONFIGURATION}-output-files.xcfilelist",
			);
			runOnlyForDeploymentPostprocessing = 0;
			shellPath = /bin/sh;
			shellScript = "\"${PODS_ROOT}/Target Support Files/Pods-RosterBuster/Pods-RosterBuster-frameworks.sh\"\n";
			showEnvVarsInLog = 0;
		};
		FF52CC8D75F1E97F3A217BA0 /* [CP] Check Pods Manifest.lock */ = {
			isa = PBXShellScriptBuildPhase;
			buildActionMask = 2147483647;
			files = (
			);
			inputFileListPaths = (
			);
			inputPaths = (
				"${PODS_PODFILE_DIR_PATH}/Podfile.lock",
				"${PODS_ROOT}/Manifest.lock",
			);
			name = "[CP] Check Pods Manifest.lock";
			outputFileListPaths = (
			);
			outputPaths = (
				"$(DERIVED_FILE_DIR)/Pods-RosterBuster-checkManifestLockResult.txt",
			);
			runOnlyForDeploymentPostprocessing = 0;
			shellPath = /bin/sh;
			shellScript = "diff \"${PODS_PODFILE_DIR_PATH}/Podfile.lock\" \"${PODS_ROOT}/Manifest.lock\" > /dev/null\nif [ $? != 0 ] ; then\n    # print error to STDERR\n    echo \"error: The sandbox is not in sync with the Podfile.lock. Run 'pod install' or update your CocoaPods installation.\" >&2\n    exit 1\nfi\n# This output is used by Xcode 'outputs' to avoid re-running this script phase.\necho \"SUCCESS\" > \"${SCRIPT_OUTPUT_FILE_0}\"\n";
			showEnvVarsInLog = 0;
		};
/* End PBXShellScriptBuildPhase section */

/* Begin PBXSourcesBuildPhase section */
		C915760D234F895D005251CF /* Sources */ = {
			isa = PBXSourcesBuildPhase;
			buildActionMask = 2147483647;
			files = (
				C914D36C2354D7BC002FDA8F /* EventDetailsViewController.swift in Sources */,
				C915762F234F8A60005251CF /* Event.swift in Sources */,
				C94E7B082352178800A31442 /* Extensions.swift in Sources */,
				C9C7ACAE2354569C00B1DA0D /* Utilities.swift in Sources */,
				C9C7ACAB235444FB00B1DA0D /* NetworkManager.swift in Sources */,
				C94E7AFF2350976800A31442 /* AppConstants.swift in Sources */,
				C9157619234F895D005251CF /* EventListViewController.swift in Sources */,
				C9157635234F9674005251CF /* APIManager.swift in Sources */,
				C94E7B052350ED0A00A31442 /* EventListCell.swift in Sources */,
				C9157615234F895D005251CF /* AppDelegate.swift in Sources */,
				C94E7B012350DF8600A31442 /* EventViewModel.swift in Sources */,
				C9157617234F895D005251CF /* SceneDelegate.swift in Sources */,
			);
			runOnlyForDeploymentPostprocessing = 0;
		};
/* End PBXSourcesBuildPhase section */

/* Begin PBXVariantGroup section */
		C915761A234F895D005251CF /* Main.storyboard */ = {
			isa = PBXVariantGroup;
			children = (
				C915761B234F895D005251CF /* Base */,
			);
			name = Main.storyboard;
			sourceTree = "<group>";
		};
		C915761F234F895F005251CF /* LaunchScreen.storyboard */ = {
			isa = PBXVariantGroup;
			children = (
				C9157620234F895F005251CF /* Base */,
			);
			name = LaunchScreen.storyboard;
			sourceTree = "<group>";
		};
/* End PBXVariantGroup section */

/* Begin XCBuildConfiguration section */
		C9157623234F895F005251CF /* Debug */ = {
			isa = XCBuildConfiguration;
			buildSettings = {
				ALWAYS_SEARCH_USER_PATHS = NO;
				CLANG_ANALYZER_NONNULL = YES;
				CLANG_ANALYZER_NUMBER_OBJECT_CONVERSION = YES_AGGRESSIVE;
				CLANG_CXX_LANGUAGE_STANDARD = "gnu++14";
				CLANG_CXX_LIBRARY = "libc++";
				CLANG_ENABLE_MODULES = YES;
				CLANG_ENABLE_OBJC_ARC = YES;
				CLANG_ENABLE_OBJC_WEAK = YES;
				CLANG_WARN_BLOCK_CAPTURE_AUTORELEASING = YES;
				CLANG_WARN_BOOL_CONVERSION = YES;
				CLANG_WARN_COMMA = YES;
				CLANG_WARN_CONSTANT_CONVERSION = YES;
				CLANG_WARN_DEPRECATED_OBJC_IMPLEMENTATIONS = YES;
				CLANG_WARN_DIRECT_OBJC_ISA_USAGE = YES_ERROR;
				CLANG_WARN_DOCUMENTATION_COMMENTS = YES;
				CLANG_WARN_EMPTY_BODY = YES;
				CLANG_WARN_ENUM_CONVERSION = YES;
				CLANG_WARN_INFINITE_RECURSION = YES;
				CLANG_WARN_INT_CONVERSION = YES;
				CLANG_WARN_NON_LITERAL_NULL_CONVERSION = YES;
				CLANG_WARN_OBJC_IMPLICIT_RETAIN_SELF = YES;
				CLANG_WARN_OBJC_LITERAL_CONVERSION = YES;
				CLANG_WARN_OBJC_ROOT_CLASS = YES_ERROR;
				CLANG_WARN_RANGE_LOOP_ANALYSIS = YES;
				CLANG_WARN_STRICT_PROTOTYPES = YES;
				CLANG_WARN_SUSPICIOUS_MOVE = YES;
				CLANG_WARN_UNGUARDED_AVAILABILITY = YES_AGGRESSIVE;
				CLANG_WARN_UNREACHABLE_CODE = YES;
				CLANG_WARN__DUPLICATE_METHOD_MATCH = YES;
				COPY_PHASE_STRIP = NO;
				DEBUG_INFORMATION_FORMAT = dwarf;
				ENABLE_STRICT_OBJC_MSGSEND = YES;
				ENABLE_TESTABILITY = YES;
				GCC_C_LANGUAGE_STANDARD = gnu11;
				GCC_DYNAMIC_NO_PIC = NO;
				GCC_NO_COMMON_BLOCKS = YES;
				GCC_OPTIMIZATION_LEVEL = 0;
				GCC_PREPROCESSOR_DEFINITIONS = (
					"DEBUG=1",
					"$(inherited)",
				);
				GCC_WARN_64_TO_32_BIT_CONVERSION = YES;
				GCC_WARN_ABOUT_RETURN_TYPE = YES_ERROR;
				GCC_WARN_UNDECLARED_SELECTOR = YES;
				GCC_WARN_UNINITIALIZED_AUTOS = YES_AGGRESSIVE;
				GCC_WARN_UNUSED_FUNCTION = YES;
				GCC_WARN_UNUSED_VARIABLE = YES;
				IPHONEOS_DEPLOYMENT_TARGET = 13.0;
				MTL_ENABLE_DEBUG_INFO = INCLUDE_SOURCE;
				MTL_FAST_MATH = YES;
				ONLY_ACTIVE_ARCH = YES;
				SDKROOT = iphoneos;
				SWIFT_ACTIVE_COMPILATION_CONDITIONS = DEBUG;
				SWIFT_OPTIMIZATION_LEVEL = "-Onone";
			};
			name = Debug;
		};
		C9157624234F895F005251CF /* Release */ = {
			isa = XCBuildConfiguration;
			buildSettings = {
				ALWAYS_SEARCH_USER_PATHS = NO;
				CLANG_ANALYZER_NONNULL = YES;
				CLANG_ANALYZER_NUMBER_OBJECT_CONVERSION = YES_AGGRESSIVE;
				CLANG_CXX_LANGUAGE_STANDARD = "gnu++14";
				CLANG_CXX_LIBRARY = "libc++";
				CLANG_ENABLE_MODULES = YES;
				CLANG_ENABLE_OBJC_ARC = YES;
				CLANG_ENABLE_OBJC_WEAK = YES;
				CLANG_WARN_BLOCK_CAPTURE_AUTORELEASING = YES;
				CLANG_WARN_BOOL_CONVERSION = YES;
				CLANG_WARN_COMMA = YES;
				CLANG_WARN_CONSTANT_CONVERSION = YES;
				CLANG_WARN_DEPRECATED_OBJC_IMPLEMENTATIONS = YES;
				CLANG_WARN_DIRECT_OBJC_ISA_USAGE = YES_ERROR;
				CLANG_WARN_DOCUMENTATION_COMMENTS = YES;
				CLANG_WARN_EMPTY_BODY = YES;
				CLANG_WARN_ENUM_CONVERSION = YES;
				CLANG_WARN_INFINITE_RECURSION = YES;
				CLANG_WARN_INT_CONVERSION = YES;
				CLANG_WARN_NON_LITERAL_NULL_CONVERSION = YES;
				CLANG_WARN_OBJC_IMPLICIT_RETAIN_SELF = YES;
				CLANG_WARN_OBJC_LITERAL_CONVERSION = YES;
				CLANG_WARN_OBJC_ROOT_CLASS = YES_ERROR;
				CLANG_WARN_RANGE_LOOP_ANALYSIS = YES;
				CLANG_WARN_STRICT_PROTOTYPES = YES;
				CLANG_WARN_SUSPICIOUS_MOVE = YES;
				CLANG_WARN_UNGUARDED_AVAILABILITY = YES_AGGRESSIVE;
				CLANG_WARN_UNREACHABLE_CODE = YES;
				CLANG_WARN__DUPLICATE_METHOD_MATCH = YES;
				COPY_PHASE_STRIP = NO;
				DEBUG_INFORMATION_FORMAT = "dwarf-with-dsym";
				ENABLE_NS_ASSERTIONS = NO;
				ENABLE_STRICT_OBJC_MSGSEND = YES;
				GCC_C_LANGUAGE_STANDARD = gnu11;
				GCC_NO_COMMON_BLOCKS = YES;
				GCC_WARN_64_TO_32_BIT_CONVERSION = YES;
				GCC_WARN_ABOUT_RETURN_TYPE = YES_ERROR;
				GCC_WARN_UNDECLARED_SELECTOR = YES;
				GCC_WARN_UNINITIALIZED_AUTOS = YES_AGGRESSIVE;
				GCC_WARN_UNUSED_FUNCTION = YES;
				GCC_WARN_UNUSED_VARIABLE = YES;
				IPHONEOS_DEPLOYMENT_TARGET = 13.0;
				MTL_ENABLE_DEBUG_INFO = NO;
				MTL_FAST_MATH = YES;
				SDKROOT = iphoneos;
				SWIFT_COMPILATION_MODE = wholemodule;
				SWIFT_OPTIMIZATION_LEVEL = "-O";
				VALIDATE_PRODUCT = YES;
			};
			name = Release;
		};
		C9157626234F895F005251CF /* Debug */ = {
			isa = XCBuildConfiguration;
			baseConfigurationReference = 30EA4F68847E055A9CAD4D28 /* Pods-RosterBuster.debug.xcconfig */;
			buildSettings = {
				ASSETCATALOG_COMPILER_APPICON_NAME = AppIcon;
				CODE_SIGN_STYLE = Automatic;
				INFOPLIST_FILE = "$(SRCROOT)/RosterBuster/Other/Info.plist";
				IPHONEOS_DEPLOYMENT_TARGET = 13.0;
				LD_RUNPATH_SEARCH_PATHS = (
					"$(inherited)",
					"@executable_path/Frameworks",
				);
				PRODUCT_BUNDLE_IDENTIFIER = com.RosterBuster;
				PRODUCT_NAME = "$(TARGET_NAME)";
				SWIFT_VERSION = 5.0;
				TARGETED_DEVICE_FAMILY = "1,2";
			};
			name = Debug;
		};
		C9157627234F895F005251CF /* Release */ = {
			isa = XCBuildConfiguration;
			baseConfigurationReference = F6DE4073E1D6AC6582341599 /* Pods-RosterBuster.release.xcconfig */;
			buildSettings = {
				ASSETCATALOG_COMPILER_APPICON_NAME = AppIcon;
				CODE_SIGN_STYLE = Automatic;
				INFOPLIST_FILE = "$(SRCROOT)/RosterBuster/Other/Info.plist";
				IPHONEOS_DEPLOYMENT_TARGET = 13.0;
				LD_RUNPATH_SEARCH_PATHS = (
					"$(inherited)",
					"@executable_path/Frameworks",
				);
				PRODUCT_BUNDLE_IDENTIFIER = com.RosterBuster;
				PRODUCT_NAME = "$(TARGET_NAME)";
				SWIFT_VERSION = 5.0;
				TARGETED_DEVICE_FAMILY = "1,2";
			};
			name = Release;
		};
/* End XCBuildConfiguration section */

/* Begin XCConfigurationList section */
		C915760C234F895D005251CF /* Build configuration list for PBXProject "RosterBuster" */ = {
			isa = XCConfigurationList;
			buildConfigurations = (
				C9157623234F895F005251CF /* Debug */,
				C9157624234F895F005251CF /* Release */,
			);
			defaultConfigurationIsVisible = 0;
			defaultConfigurationName = Release;
		};
		C9157625234F895F005251CF /* Build configuration list for PBXNativeTarget "RosterBuster" */ = {
			isa = XCConfigurationList;
			buildConfigurations = (
				C9157626234F895F005251CF /* Debug */,
				C9157627234F895F005251CF /* Release */,
			);
			defaultConfigurationIsVisible = 0;
			defaultConfigurationName = Release;
		};
/* End XCConfigurationList section */
	};
	rootObject = C9157609234F895D005251CF /* Project object */;
}
